
Microsoft Visual Studio Solution File, Format Version 12.00
# Visual Studio 15
VisualStudioVersion = 15.0.28010.2036
MinimumVisualStudioVersion = 10.0.40219.1
Project("{8BC9CEB8-8B4A-11D0-8D11-00A0C91BC942}") = "P13", "P13\P13.vcxproj", "{7EBE7898-7E2F-4C3A-834C-54ADF21E95A3}"
EndProject
Global
	GlobalSection(SolutionConfigurationPlatforms) = preSolution
		Debug|x64 = Debug|x64
		Debug|x86 = Debug|x86
		Release|x64 = Release|x64
		Release|x86 = Release|x86
	EndGlobalSection
	GlobalSection(ProjectConfigurationPlatforms) = postSolution
		{7EBE7898-7E2F-4C3A-834C-54ADF21E95A3}.Debug|x64.ActiveCfg = Debug|x64
		{7EBE7898-7E2F-4C3A-834C-54ADF21E95A3}.Debug|x64.Build.0 = Debug|x64
		{7EBE7898-7E2F-4C3A-834C-54ADF21E95A3}.Debug|x86.ActiveCfg = Debug|Win32
		{7EBE7898-7E2F-4C3A-834C-54ADF21E95A3}.Debug|x86.Build.0 = Debug|Win32
		{7EBE7898-7E2F-4C3A-834C-54ADF21E95A3}.Release|x64.ActiveCfg = Release|x64
		{7EBE7898-7E2F-4C3A-834C-54ADF21E95A3}.Release|x64.Build.0 = Release|x64
		{7EBE7898-7E2F-4C3A-834C-54ADF21E95A3}.Release|x86.ActiveCfg = Release|Win32
		{7EBE7898-7E2F-4C3A-834C-54ADF21E95A3}.Release|x86.Build.0 = Release|Win32
	EndGlobalSection
	GlobalSection(SolutionProperties) = preSolution
		HideSolutionNode = FALSE
	EndGlobalSection
	GlobalSection(ExtensibilityGlobals) = postSolution
		SolutionGuid = {AE63CDA3-3301-411B-9B4E-F8267D643231}
	EndGlobalSection
EndGlobal
